
Microsoft Visual Studio Solution File, Format Version 12.00
# Visual Studio Version 17
VisualStudioVersion = 17.6.33829.357
MinimumVisualStudioVersion = 10.0.40219.1
Project("{FAE04EC0-301F-11D3-BF4B-00C04F79EFBC}") = "UnzSub.App", "UnzSub.App\UnzSub.App.csproj", "{31968788-8F49-4D71-AF65-A327B90A9A55}"
EndProject
Global
	GlobalSection(SolutionConfigurationPlatforms) = preSolution
		Debug|Any CPU = Debug|Any CPU
		Release|Any CPU = Release|Any CPU
	EndGlobalSection
	GlobalSection(ProjectConfigurationPlatforms) = postSolution
		{31968788-8F49-4D71-AF65-A327B90A9A55}.Debug|Any CPU.ActiveCfg = Debug|Any CPU
		{31968788-8F49-4D71-AF65-A327B90A9A55}.Debug|Any CPU.Build.0 = Debug|Any CPU
		{31968788-8F49-4D71-AF65-A327B90A9A55}.Release|Any CPU.ActiveCfg = Release|Any CPU
		{31968788-8F49-4D71-AF65-A327B90A9A55}.Release|Any CPU.Build.0 = Release|Any CPU
	EndGlobalSection
	GlobalSection(SolutionProperties) = preSolution
		HideSolutionNode = FALSE
	EndGlobalSection
	GlobalSection(ExtensibilityGlobals) = postSolution
		SolutionGuid = {637CB287-A8EF-4875-8DB7-A8B3FEF7D08D}
	EndGlobalSection
EndGlobal
